
Microsoft Visual Studio Solution File, Format Version 12.00
# Visual Studio Version 16
VisualStudioVersion = 16.0.31019.35
MinimumVisualStudioVersion = 10.0.40219.1
Project("{FAE04EC0-301F-11D3-BF4B-00C04F79EFBC}") = "AgendaGit", "AgendaGit.csproj", "{80BE38FA-BF49-4D27-9305-9659D5F33265}"
EndProject
Global
	GlobalSection(SolutionConfigurationPlatforms) = preSolution
		Debug|Any CPU = Debug|Any CPU
		Release|Any CPU = Release|Any CPU
	EndGlobalSection
	GlobalSection(ProjectConfigurationPlatforms) = postSolution
		{80BE38FA-BF49-4D27-9305-9659D5F33265}.Debug|Any CPU.ActiveCfg = Debug|Any CPU
		{80BE38FA-BF49-4D27-9305-9659D5F33265}.Debug|Any CPU.Build.0 = Debug|Any CPU
		{80BE38FA-BF49-4D27-9305-9659D5F33265}.Release|Any CPU.ActiveCfg = Release|Any CPU
		{80BE38FA-BF49-4D27-9305-9659D5F33265}.Release|Any CPU.Build.0 = Release|Any CPU
	EndGlobalSection
	GlobalSection(SolutionProperties) = preSolution
		HideSolutionNode = FALSE
	EndGlobalSection
	GlobalSection(ExtensibilityGlobals) = postSolution
		SolutionGuid = {60D6788A-43BB-45D3-8617-729517A1B6DD}
	EndGlobalSection
EndGlobal
